
Microsoft Visual Studio Solution File, Format Version 12.00
# Visual Studio Version 16
VisualStudioVersion = 16.0.30907.101
MinimumVisualStudioVersion = 15.0.26124.0
Project("{9A19103F-16F7-4668-BE54-9A1E7A4F7556}") = "Models", "DataModels\Models.csproj", "{BEFC6122-5375-45FB-A2E2-9C94C9DE93F2}"
EndProject
Project("{9A19103F-16F7-4668-BE54-9A1E7A4F7556}") = "BusinessLogicTests", "BusinessLogicTests\BusinessLogicTests.csproj", "{C8A93D8E-1F1E-4507-9671-B351D1A6DDD8}"
EndProject
Project("{9A19103F-16F7-4668-BE54-9A1E7A4F7556}") = "Services", "Services\Services.csproj", "{DAB5C3FD-1852-439B-A66A-A82C8A746B77}"
EndProject
Project("{FAE04EC0-301F-11D3-BF4B-00C04F79EFBC}") = "DataAccess", "DataAccess\DataAccess.csproj", "{863189D6-308A-4447-BDC9-35A98217F2F3}"
EndProject
Global
	GlobalSection(SolutionConfigurationPlatforms) = preSolution
		Debug|Any CPU = Debug|Any CPU
		Debug|x64 = Debug|x64
		Debug|x86 = Debug|x86
		Release|Any CPU = Release|Any CPU
		Release|x64 = Release|x64
		Release|x86 = Release|x86
	EndGlobalSection
	GlobalSection(ProjectConfigurationPlatforms) = postSolution
		{BEFC6122-5375-45FB-A2E2-9C94C9DE93F2}.Debug|Any CPU.ActiveCfg = Debug|Any CPU
		{BEFC6122-5375-45FB-A2E2-9C94C9DE93F2}.Debug|Any CPU.Build.0 = Debug|Any CPU
		{BEFC6122-5375-45FB-A2E2-9C94C9DE93F2}.Debug|x64.ActiveCfg = Debug|Any CPU
		{BEFC6122-5375-45FB-A2E2-9C94C9DE93F2}.Debug|x64.Build.0 = Debug|Any CPU
		{BEFC6122-5375-45FB-A2E2-9C94C9DE93F2}.Debug|x86.ActiveCfg = Debug|Any CPU
		{BEFC6122-5375-45FB-A2E2-9C94C9DE93F2}.Debug|x86.Build.0 = Debug|Any CPU
		{BEFC6122-5375-45FB-A2E2-9C94C9DE93F2}.Release|Any CPU.ActiveCfg = Release|Any CPU
		{BEFC6122-5375-45FB-A2E2-9C94C9DE93F2}.Release|Any CPU.Build.0 = Release|Any CPU
		{BEFC6122-5375-45FB-A2E2-9C94C9DE93F2}.Release|x64.ActiveCfg = Release|Any CPU
		{BEFC6122-5375-45FB-A2E2-9C94C9DE93F2}.Release|x64.Build.0 = Release|Any CPU
		{BEFC6122-5375-45FB-A2E2-9C94C9DE93F2}.Release|x86.ActiveCfg = Release|Any CPU
		{BEFC6122-5375-45FB-A2E2-9C94C9DE93F2}.Release|x86.Build.0 = Release|Any CPU
		{C8A93D8E-1F1E-4507-9671-B351D1A6DDD8}.Debug|Any CPU.ActiveCfg = Debug|Any CPU
		{C8A93D8E-1F1E-4507-9671-B351D1A6DDD8}.Debug|Any CPU.Build.0 = Debug|Any CPU
		{C8A93D8E-1F1E-4507-9671-B351D1A6DDD8}.Debug|x64.ActiveCfg = Debug|Any CPU
		{C8A93D8E-1F1E-4507-9671-B351D1A6DDD8}.Debug|x64.Build.0 = Debug|Any CPU
		{C8A93D8E-1F1E-4507-9671-B351D1A6DDD8}.Debug|x86.ActiveCfg = Debug|Any CPU
		{C8A93D8E-1F1E-4507-9671-B351D1A6DDD8}.Debug|x86.Build.0 = Debug|Any CPU
		{C8A93D8E-1F1E-4507-9671-B351D1A6DDD8}.Release|Any CPU.ActiveCfg = Release|Any CPU
		{C8A93D8E-1F1E-4507-9671-B351D1A6DDD8}.Release|Any CPU.Build.0 = Release|Any CPU
		{C8A93D8E-1F1E-4507-9671-B351D1A6DDD8}.Release|x64.ActiveCfg = Release|Any CPU
		{C8A93D8E-1F1E-4507-9671-B351D1A6DDD8}.Release|x64.Build.0 = Release|Any CPU
		{C8A93D8E-1F1E-4507-9671-B351D1A6DDD8}.Release|x86.ActiveCfg = Release|Any CPU
		{C8A93D8E-1F1E-4507-9671-B351D1A6DDD8}.Release|x86.Build.0 = Release|Any CPU
		{DAB5C3FD-1852-439B-A66A-A82C8A746B77}.Debug|Any CPU.ActiveCfg = Debug|Any CPU
		{DAB5C3FD-1852-439B-A66A-A82C8A746B77}.Debug|Any CPU.Build.0 = Debug|Any CPU
		{DAB5C3FD-1852-439B-A66A-A82C8A746B77}.Debug|x64.ActiveCfg = Debug|Any CPU
		{DAB5C3FD-1852-439B-A66A-A82C8A746B77}.Debug|x64.Build.0 = Debug|Any CPU
		{DAB5C3FD-1852-439B-A66A-A82C8A746B77}.Debug|x86.ActiveCfg = Debug|Any CPU
		{DAB5C3FD-1852-439B-A66A-A82C8A746B77}.Debug|x86.Build.0 = Debug|Any CPU
		{DAB5C3FD-1852-439B-A66A-A82C8A746B77}.Release|Any CPU.ActiveCfg = Release|Any CPU
		{DAB5C3FD-1852-439B-A66A-A82C8A746B77}.Release|Any CPU.Build.0 = Release|Any CPU
		{DAB5C3FD-1852-439B-A66A-A82C8A746B77}.Release|x64.ActiveCfg = Release|Any CPU
		{DAB5C3FD-1852-439B-A66A-A82C8A746B77}.Release|x64.Build.0 = Release|Any CPU
		{DAB5C3FD-1852-439B-A66A-A82C8A746B77}.Release|x86.ActiveCfg = Release|Any CPU
		{DAB5C3FD-1852-439B-A66A-A82C8A746B77}.Release|x86.Build.0 = Release|Any CPU
		{863189D6-308A-4447-BDC9-35A98217F2F3}.Debug|Any CPU.ActiveCfg = Debug|Any CPU
		{863189D6-308A-4447-BDC9-35A98217F2F3}.Debug|Any CPU.Build.0 = Debug|Any CPU
		{863189D6-308A-4447-BDC9-35A98217F2F3}.Debug|x64.ActiveCfg = Debug|Any CPU
		{863189D6-308A-4447-BDC9-35A98217F2F3}.Debug|x64.Build.0 = Debug|Any CPU
		{863189D6-308A-4447-BDC9-35A98217F2F3}.Debug|x86.ActiveCfg = Debug|Any CPU
		{863189D6-308A-4447-BDC9-35A98217F2F3}.Debug|x86.Build.0 = Debug|Any CPU
		{863189D6-308A-4447-BDC9-35A98217F2F3}.Release|Any CPU.ActiveCfg = Release|Any CPU
		{863189D6-308A-4447-BDC9-35A98217F2F3}.Release|Any CPU.Build.0 = Release|Any CPU
		{863189D6-308A-4447-BDC9-35A98217F2F3}.Release|x64.ActiveCfg = Release|Any CPU
		{863189D6-308A-4447-BDC9-35A98217F2F3}.Release|x64.Build.0 = Release|Any CPU
		{863189D6-308A-4447-BDC9-35A98217F2F3}.Release|x86.ActiveCfg = Release|Any CPU
		{863189D6-308A-4447-BDC9-35A98217F2F3}.Release|x86.Build.0 = Release|Any CPU
	EndGlobalSection
	GlobalSection(SolutionProperties) = preSolution
		HideSolutionNode = FALSE
	EndGlobalSection
	GlobalSection(ExtensibilityGlobals) = postSolution
		SolutionGuid = {DCD94BC0-1936-490E-B8C7-63DB23D328CB}
	EndGlobalSection
EndGlobal
